
Microsoft Visual Studio Solution File, Format Version 12.00
# Visual Studio Version 16
VisualStudioVersion = 16.0.31019.194
MinimumVisualStudioVersion = 10.0.40219.1
Project("{9A19103F-16F7-4668-BE54-9A1E7A4F7556}") = "SingleInstance_WPF", "SingleInstance_WPF\SingleInstance_WPF.csproj", "{FEFF5C7E-8819-4ADE-8C1A-98376E8BD9D3}"
EndProject
Global
	GlobalSection(SolutionConfigurationPlatforms) = preSolution
		Debug|Any CPU = Debug|Any CPU
		Release|Any CPU = Release|Any CPU
	EndGlobalSection
	GlobalSection(ProjectConfigurationPlatforms) = postSolution
		{FEFF5C7E-8819-4ADE-8C1A-98376E8BD9D3}.Debug|Any CPU.ActiveCfg = Debug|Any CPU
		{FEFF5C7E-8819-4ADE-8C1A-98376E8BD9D3}.Debug|Any CPU.Build.0 = Debug|Any CPU
		{FEFF5C7E-8819-4ADE-8C1A-98376E8BD9D3}.Release|Any CPU.ActiveCfg = Release|Any CPU
		{FEFF5C7E-8819-4ADE-8C1A-98376E8BD9D3}.Release|Any CPU.Build.0 = Release|Any CPU
	EndGlobalSection
	GlobalSection(SolutionProperties) = preSolution
		HideSolutionNode = FALSE
	EndGlobalSection
	GlobalSection(ExtensibilityGlobals) = postSolution
		SolutionGuid = {BE7D1F59-2FC2-4FB3-B11C-696AB7CB3B25}
	EndGlobalSection
EndGlobal
